# THIS IS AN AUTOGENERATED FILE. DO NOT EDIT THIS FILE DIRECTLY.
# yarn lockfile v1


sanitize.css@^9.0.0:
  version "9.0.0"
  resolved "https://registry.yarnpkg.com/sanitize.css/-/sanitize.css-9.0.0.tgz#265046e3e680b499ae8b349811875688d0fce84a"
  integrity sha512-1Ux0Tn6eoLJMzCqb1gVgWaZWurTb5PbsxZIegJ7WVggGeTKx7jaHZ6U8GJenwuJRsH1eqBmwtqcaOKXhatILtg==
